
Microsoft Visual Studio Solution File, Format Version 12.00
# Visual Studio Version 16
VisualStudioVersion = 16.0.31205.134
MinimumVisualStudioVersion = 10.0.40219.1
Project("{FAE04EC0-301F-11D3-BF4B-00C04F79EFBC}") = "Waga", "Waga\Waga.csproj", "{2E23F4FE-CC3D-4241-984A-BE201A464124}"
EndProject
Global
	GlobalSection(SolutionConfigurationPlatforms) = preSolution
		Debug|Any CPU = Debug|Any CPU
		Release|Any CPU = Release|Any CPU
	EndGlobalSection
	GlobalSection(ProjectConfigurationPlatforms) = postSolution
		{2E23F4FE-CC3D-4241-984A-BE201A464124}.Debug|Any CPU.ActiveCfg = Debug|Any CPU
		{2E23F4FE-CC3D-4241-984A-BE201A464124}.Debug|Any CPU.Build.0 = Debug|Any CPU
		{2E23F4FE-CC3D-4241-984A-BE201A464124}.Release|Any CPU.ActiveCfg = Release|Any CPU
		{2E23F4FE-CC3D-4241-984A-BE201A464124}.Release|Any CPU.Build.0 = Release|Any CPU
	EndGlobalSection
	GlobalSection(SolutionProperties) = preSolution
		HideSolutionNode = FALSE
	EndGlobalSection
	GlobalSection(ExtensibilityGlobals) = postSolution
		SolutionGuid = {C2282533-7F9E-41DB-B59A-67EA8A0E85AF}
	EndGlobalSection
EndGlobal
